{
  "name": "ss24-zeltner-columnar-data",
  "lockfileVersion": 3,
  "requires": true,
  "packages": {
    "": {
      "dependencies": {
        "nodejs-polars": "^0.10.0"
      },
      "devDependencies": {
        "typescript": "^5.4.5"
      }
    },
    "node_modules/nodejs-polars": {
      "version": "0.10.0",
      "resolved": "https://registry.npmjs.org/nodejs-polars/-/nodejs-polars-0.10.0.tgz",
      "integrity": "sha512-IZ5QMnkVhk5f7AcTZy6F8V5sv9eIt6qx6T874KQhb711rQClfYx9iWxtRc1MxC8M1GGbSShAEv08QL4zi15H/g==",
      "workspaces": [
        "benches"
      ],
      "engines": {
        "node": ">= 18"
      },
      "optionalDependencies": {
        "nodejs-polars-android-arm64": "0.10.0",
        "nodejs-polars-darwin-arm64": "0.10.0",
        "nodejs-polars-darwin-x64": "0.10.0",
        "nodejs-polars-linux-arm64-gnu": "0.10.0",
        "nodejs-polars-linux-arm64-musl": "0.10.0",
        "nodejs-polars-linux-x64-gnu": "0.10.0",
        "nodejs-polars-linux-x64-musl": "0.10.0",
        "nodejs-polars-win32-x64-msvc": "0.10.0"
      }
    },
    "node_modules/nodejs-polars-android-arm64": {
      "version": "0.10.0",
      "resolved": "https://registry.npmjs.org/nodejs-polars-android-arm64/-/nodejs-polars-android-arm64-0.10.0.tgz",
      "integrity": "sha512-Zx0pKahgbKozh3wtvW2rcUhjMPh8zJZ8p45gah+l5kSPmAhhOcdZmK1k6yGgoy+3F1NRy8Pia4mxMNnkeaHi0g==",
      "cpu": [
        "arm64"
      ],
      "optional": true,
      "os": [
        "android"
      ],
      "engines": {
        "node": ">= 16"
      }
    },
    "node_modules/nodejs-polars-darwin-arm64": {
      "version": "0.10.0",
      "resolved": "https://registry.npmjs.org/nodejs-polars-darwin-arm64/-/nodejs-polars-darwin-arm64-0.10.0.tgz",
      "integrity": "sha512-TAtEFSmSoefSRz5mtUYPkbYp2W/HREvpEc4weS0/idameBOXmG077PlEGea1+YokePQQHpcPDHQ3AIYf/NcMnQ==",
      "cpu": [
        "arm64"
      ],
      "optional": true,
      "os": [
        "darwin"
      ],
      "engines": {
        "node": ">= 16"
      }
    },
    "node_modules/nodejs-polars-darwin-x64": {
      "version": "0.10.0",
      "resolved": "https://registry.npmjs.org/nodejs-polars-darwin-x64/-/nodejs-polars-darwin-x64-0.10.0.tgz",
      "integrity": "sha512-D4FLtb6a5I9OsHbAB7DFFmDy/t2oegpP9Up+PnEZ+5QTWt8eOuB4BxLkzpXPN+fMkjKZaxOrq93QEw8Y/4YUdA==",
      "cpu": [
        "x64"
      ],
      "optional": true,
      "os": [
        "darwin"
      ],
      "engines": {
        "node": ">= 16"
      }
    },
    "node_modules/nodejs-polars-linux-arm64-gnu": {
      "version": "0.10.0",
      "resolved": "https://registry.npmjs.org/nodejs-polars-linux-arm64-gnu/-/nodejs-polars-linux-arm64-gnu-0.10.0.tgz",
      "integrity": "sha512-YcA5FsG/RejtOAvu3+To27clcTgs19hOWvQiOm2waY/uLC6PpuUQ17JP3msCrXo1WjLWok4DY7JIOvV1y/+BzQ==",
      "cpu": [
        "arm64"
      ],
      "optional": true,
      "os": [
        "linux"
      ],
      "engines": {
        "node": ">= 16"
      }
    },
    "node_modules/nodejs-polars-linux-arm64-musl": {
      "version": "0.10.0",
      "resolved": "https://registry.npmjs.org/nodejs-polars-linux-arm64-musl/-/nodejs-polars-linux-arm64-musl-0.10.0.tgz",
      "integrity": "sha512-OVduD/2BhSHPvbMeWYLkZjBX61p4nYnO41OGcuNON6n5gN489LvawSQSB2znc6XT9LHmYl1uum8/Dalvz81wQg==",
      "cpu": [
        "arm64"
      ],
      "optional": true,
      "os": [
        "linux"
      ],
      "engines": {
        "node": ">= 16"
      }
    },
    "node_modules/nodejs-polars-linux-x64-gnu": {
      "version": "0.10.0",
      "resolved": "https://registry.npmjs.org/nodejs-polars-linux-x64-gnu/-/nodejs-polars-linux-x64-gnu-0.10.0.tgz",
      "integrity": "sha512-TeMUg1XCmJhkkFZblcVqHMPE+Qdd0JoAjObv05m+ztGaDzJ1gP7bFoUerXyahGFZlfCxRNpzrd57g5IEZcCJOg==",
      "cpu": [
        "x64"
      ],
      "optional": true,
      "os": [
        "linux"
      ],
      "engines": {
        "node": ">= 16"
      }
    },
    "node_modules/nodejs-polars-linux-x64-musl": {
      "version": "0.10.0",
      "resolved": "https://registry.npmjs.org/nodejs-polars-linux-x64-musl/-/nodejs-polars-linux-x64-musl-0.10.0.tgz",
      "integrity": "sha512-DIY+QB0TlizPBgmgpOsPAQcP08p+JDedke9L1OMZ3QSdaOBSHfEhuTfz5syVn0e7LDbZolC+gYbIpmyOB1ogbA==",
      "cpu": [
        "x64"
      ],
      "optional": true,
      "os": [
        "linux"
      ],
      "engines": {
        "node": ">= 16"
      }
    },
    "node_modules/nodejs-polars-win32-x64-msvc": {
      "version": "0.10.0",
      "resolved": "https://registry.npmjs.org/nodejs-polars-win32-x64-msvc/-/nodejs-polars-win32-x64-msvc-0.10.0.tgz",
      "integrity": "sha512-p+hsgET2XLAx3mf30OVJLk8wgI6NWoJqP4EdmEV4JUkDHApv88xz4iXLzKTU3YGSpj4sG9kSYfucvpeNvqyzqQ==",
      "cpu": [
        "x64"
      ],
      "optional": true,
      "os": [
        "win32"
      ],
      "engines": {
        "node": ">= 16"
      }
    },
    "node_modules/typescript": {
      "version": "5.4.5",
      "resolved": "https://registry.npmjs.org/typescript/-/typescript-5.4.5.tgz",
      "integrity": "sha512-vcI4UpRgg81oIRUFwR0WSIHKt11nJ7SAVlYNIu+QpqeyXP+gpQJy/Z4+F0aGxSE4MqwjyXvW/TzgkLAx2AGHwQ==",
      "dev": true,
      "bin": {
        "tsc": "bin/tsc",
        "tsserver": "bin/tsserver"
      },
      "engines": {
        "node": ">=14.17"
      }
    }
  }
}
